// !$*UTF8*$!
{
	archiveVersion = 1;
	classes = {
	};
	objectVersion = 56;
	objects = {

/* Begin PBXBuildFile section */
		1F0ECCE92A2DFD4900034383 /* AppDelegate.swift in Sources */ = {isa = PBXBuildFile; fileRef = 1F0ECCE82A2DFD4900034383 /* AppDelegate.swift */; };
		1F0ECCEB2A2DFD4900034383 /* SceneDelegate.swift in Sources */ = {isa = PBXBuildFile; fileRef = 1F0ECCEA2A2DFD4900034383 /* SceneDelegate.swift */; };
		1F0ECCED2A2DFD4900034383 /* SideMenuViewController.swift in Sources */ = {isa = PBXBuildFile; fileRef = 1F0ECCEC2A2DFD4900034383 /* SideMenuViewController.swift */; };
		1F0ECCF02A2DFD4900034383 /* Main.storyboard in Resources */ = {isa = PBXBuildFile; fileRef = 1F0ECCEE2A2DFD4900034383 /* Main.storyboard */; };
		1F0ECCF22A2DFD4900034383 /* Assets.xcassets in Resources */ = {isa = PBXBuildFile; fileRef = 1F0ECCF12A2DFD4900034383 /* Assets.xcassets */; };
		1F0ECCF52A2DFD4900034383 /* LaunchScreen.storyboard in Resources */ = {isa = PBXBuildFile; fileRef = 1F0ECCF32A2DFD4900034383 /* LaunchScreen.storyboard */; };
		1F0ECCFE2A2DFE9400034383 /* SideMenu in Frameworks */ = {isa = PBXBuildFile; productRef = 1F0ECCFD2A2DFE9400034383 /* SideMenu */; };
		1F0ECD002A2E05EE00034383 /* HomeViewController.swift in Sources */ = {isa = PBXBuildFile; fileRef = 1F0ECCFF2A2E05EE00034383 /* HomeViewController.swift */; };
		1F0ECD022A2E0F3C00034383 /* MenuTableViewCell.swift in Sources */ = {isa = PBXBuildFile; fileRef = 1F0ECD012A2E0F3C00034383 /* MenuTableViewCell.swift */; };
/* End PBXBuildFile section */

/* Begin PBXFileReference section */
		1F0ECCE52A2DFD4900034383 /* Side_Menu_Pod.app */ = {isa = PBXFileReference; explicitFileType = wrapper.application; includeInIndex = 0; path = Side_Menu_Pod.app; sourceTree = BUILT_PRODUCTS_DIR; };
		1F0ECCE82A2DFD4900034383 /* AppDelegate.swift */ = {isa = PBXFileReference; lastKnownFileType = sourcecode.swift; path = AppDelegate.swift; sourceTree = "<group>"; };
		1F0ECCEA2A2DFD4900034383 /* SceneDelegate.swift */ = {isa = PBXFileReference; lastKnownFileType = sourcecode.swift; path = SceneDelegate.swift; sourceTree = "<group>"; };
		1F0ECCEC2A2DFD4900034383 /* SideMenuViewController.swift */ = {isa = PBXFileReference; lastKnownFileType = sourcecode.swift; path = SideMenuViewController.swift; sourceTree = "<group>"; };
		1F0ECCEF2A2DFD4900034383 /* Base */ = {isa = PBXFileReference; lastKnownFileType = file.storyboard; name = Base; path = Base.lproj/Main.storyboard; sourceTree = "<group>"; };
		1F0ECCF12A2DFD4900034383 /* Assets.xcassets */ = {isa = PBXFileReference; lastKnownFileType = folder.assetcatalog; path = Assets.xcassets; sourceTree = "<group>"; };
		1F0ECCF42A2DFD4900034383 /* Base */ = {isa = PBXFileReference; lastKnownFileType = file.storyboard; name = Base; path = Base.lproj/LaunchScreen.storyboard; sourceTree = "<group>"; };
		1F0ECCF62A2DFD4900034383 /* Info.plist */ = {isa = PBXFileReference; lastKnownFileType = text.plist.xml; path = Info.plist; sourceTree = "<group>"; };
		1F0ECCFF2A2E05EE00034383 /* HomeViewController.swift */ = {isa = PBXFileReference; lastKnownFileType = sourcecode.swift; path = HomeViewController.swift; sourceTree = "<group>"; };
		1F0ECD012A2E0F3C00034383 /* MenuTableViewCell.swift */ = {isa = PBXFileReference; lastKnownFileType = sourcecode.swift; path = MenuTableViewCell.swift; sourceTree = "<group>"; };
/* End PBXFileReference section */

/* Begin PBXFrameworksBuildPhase section */
		1F0ECCE22A2DFD4900034383 /* Frameworks */ = {
			isa = PBXFrameworksBuildPhase;
			buildActionMask = 2147483647;
			files = (
				1F0ECCFE2A2DFE9400034383 /* SideMenu in Frameworks */,
			);
			runOnlyForDeploymentPostprocessing = 0;
		};
/* End PBXFrameworksBuildPhase section */

/* Begin PBXGroup section */
		1F0ECCDC2A2DFD4900034383 = {
			isa = PBXGroup;
			children = (
				1F0ECCE72A2DFD4900034383 /* Side_Menu_Pod */,
				1F0ECCE62A2DFD4900034383 /* Products */,
			);
			sourceTree = "<group>";
		};
		1F0ECCE62A2DFD4900034383 /* Products */ = {
			isa = PBXGroup;
			children = (
				1F0ECCE52A2DFD4900034383 /* Side_Menu_Pod.app */,
			);
			name = Products;
			sourceTree = "<group>";
		};
		1F0ECCE72A2DFD4900034383 /* Side_Menu_Pod */ = {
			isa = PBXGroup;
			children = (
				1F0ECCE82A2DFD4900034383 /* AppDelegate.swift */,
				1F0ECCEA2A2DFD4900034383 /* SceneDelegate.swift */,
				1F0ECCEC2A2DFD4900034383 /* SideMenuViewController.swift */,
				1F0ECCFF2A2E05EE00034383 /* HomeViewController.swift */,
				1F0ECCEE2A2DFD4900034383 /* Main.storyboard */,
				1F0ECD012A2E0F3C00034383 /* MenuTableViewCell.swift */,
				1F0ECCF12A2DFD4900034383 /* Assets.xcassets */,
				1F0ECCF32A2DFD4900034383 /* LaunchScreen.storyboard */,
				1F0ECCF62A2DFD4900034383 /* Info.plist */,
			);
			path = Side_Menu_Pod;
			sourceTree = "<group>";
		};
/* End PBXGroup section */

/* Begin PBXNativeTarget section */
		1F0ECCE42A2DFD4900034383 /* Side_Menu_Pod */ = {
			isa = PBXNativeTarget;
			buildConfigurationList = 1F0ECCF92A2DFD4900034383 /* Build configuration list for PBXNativeTarget "Side_Menu_Pod" */;
			buildPhases = (
				1F0ECCE12A2DFD4900034383 /* Sources */,
				1F0ECCE22A2DFD4900034383 /* Frameworks */,
				1F0ECCE32A2DFD4900034383 /* Resources */,
			);
			buildRules = (
			);
			dependencies = (
			);
			name = Side_Menu_Pod;
			packageProductDependencies = (
				1F0ECCFD2A2DFE9400034383 /* SideMenu */,
			);
			productName = Side_Menu_Pod;
			productReference = 1F0ECCE52A2DFD4900034383 /* Side_Menu_Pod.app */;
			productType = "com.apple.product-type.application";
		};
/* End PBXNativeTarget section */

/* Begin PBXProject section */
		1F0ECCDD2A2DFD4900034383 /* Project object */ = {
			isa = PBXProject;
			attributes = {
				BuildIndependentTargetsInParallel = 1;
				LastSwiftUpdateCheck = 1420;
				LastUpgradeCheck = 1420;
				TargetAttributes = {
					1F0ECCE42A2DFD4900034383 = {
						CreatedOnToolsVersion = 14.2;
					};
				};
			};
			buildConfigurationList = 1F0ECCE02A2DFD4900034383 /* Build configuration list for PBXProject "Side_Menu_Pod" */;
			compatibilityVersion = "Xcode 14.0";
			developmentRegion = en;
			hasScannedForEncodings = 0;
			knownRegions = (
				en,
				Base,
			);
			mainGroup = 1F0ECCDC2A2DFD4900034383;
			packageReferences = (
				1F0ECCFC2A2DFE9400034383 /* XCRemoteSwiftPackageReference "SideMenu" */,
			);
			productRefGroup = 1F0ECCE62A2DFD4900034383 /* Products */;
			projectDirPath = "";
			projectRoot = "";
			targets = (
				1F0ECCE42A2DFD4900034383 /* Side_Menu_Pod */,
			);
		};
/* End PBXProject section */

/* Begin PBXResourcesBuildPhase section */
		1F0ECCE32A2DFD4900034383 /* Resources */ = {
			isa = PBXResourcesBuildPhase;
			buildActionMask = 2147483647;
			files = (
				1F0ECCF52A2DFD4900034383 /* LaunchScreen.storyboard in Resources */,
				1F0ECCF22A2DFD4900034383 /* Assets.xcassets in Resources */,
				1F0ECCF02A2DFD4900034383 /* Main.storyboard in Resources */,
			);
			runOnlyForDeploymentPostprocessing = 0;
		};
/* End PBXResourcesBuildPhase section */

/* Begin PBXSourcesBuildPhase section */
		1F0ECCE12A2DFD4900034383 /* Sources */ = {
			isa = PBXSourcesBuildPhase;
			buildActionMask = 2147483647;
			files = (
				1F0ECCED2A2DFD4900034383 /* SideMenuViewController.swift in Sources */,
				1F0ECCE92A2DFD4900034383 /* AppDelegate.swift in Sources */,
				1F0ECCEB2A2DFD4900034383 /* SceneDelegate.swift in Sources */,
				1F0ECD002A2E05EE00034383 /* HomeViewController.swift in Sources */,
				1F0ECD022A2E0F3C00034383 /* MenuTableViewCell.swift in Sources */,
			);
			runOnlyForDeploymentPostprocessing = 0;
		};
/* End PBXSourcesBuildPhase section */

/* Begin PBXVariantGroup section */
		1F0ECCEE2A2DFD4900034383 /* Main.storyboard */ = {
			isa = PBXVariantGroup;
			children = (
				1F0ECCEF2A2DFD4900034383 /* Base */,
			);
			name = Main.storyboard;
			sourceTree = "<group>";
		};
		1F0ECCF32A2DFD4900034383 /* LaunchScreen.storyboard */ = {
			isa = PBXVariantGroup;
			children = (
				1F0ECCF42A2DFD4900034383 /* Base */,
			);
			name = LaunchScreen.storyboard;
			sourceTree = "<group>";
		};
/* End PBXVariantGroup section */

/* Begin XCBuildConfiguration section */
		1F0ECCF72A2DFD4900034383 /* Debug */ = {
			isa = XCBuildConfiguration;
			buildSettings = {
				ALWAYS_SEARCH_USER_PATHS = NO;
				CLANG_ANALYZER_NONNULL = YES;
				CLANG_ANALYZER_NUMBER_OBJECT_CONVERSION = YES_AGGRESSIVE;
				CLANG_CXX_LANGUAGE_STANDARD = "gnu++20";
				CLANG_ENABLE_MODULES = YES;
				CLANG_ENABLE_OBJC_ARC = YES;
				CLANG_ENABLE_OBJC_WEAK = YES;
				CLANG_WARN_BLOCK_CAPTURE_AUTORELEASING = YES;
				CLANG_WARN_BOOL_CONVERSION = YES;
				CLANG_WARN_COMMA = YES;
				CLANG_WARN_CONSTANT_CONVERSION = YES;
				CLANG_WARN_DEPRECATED_OBJC_IMPLEMENTATIONS = YES;
				CLANG_WARN_DIRECT_OBJC_ISA_USAGE = YES_ERROR;
				CLANG_WARN_DOCUMENTATION_COMMENTS = YES;
				CLANG_WARN_EMPTY_BODY = YES;
				CLANG_WARN_ENUM_CONVERSION = YES;
				CLANG_WARN_INFINITE_RECURSION = YES;
				CLANG_WARN_INT_CONVERSION = YES;
				CLANG_WARN_NON_LITERAL_NULL_CONVERSION = YES;
				CLANG_WARN_OBJC_IMPLICIT_RETAIN_SELF = YES;
				CLANG_WARN_OBJC_LITERAL_CONVERSION = YES;
				CLANG_WARN_OBJC_ROOT_CLASS = YES_ERROR;
				CLANG_WARN_QUOTED_INCLUDE_IN_FRAMEWORK_HEADER = YES;
				CLANG_WARN_RANGE_LOOP_ANALYSIS = YES;
				CLANG_WARN_STRICT_PROTOTYPES = YES;
				CLANG_WARN_SUSPICIOUS_MOVE = YES;
				CLANG_WARN_UNGUARDED_AVAILABILITY = YES_AGGRESSIVE;
				CLANG_WARN_UNREACHABLE_CODE = YES;
				CLANG_WARN__DUPLICATE_METHOD_MATCH = YES;
				COPY_PHASE_STRIP = NO;
				DEBUG_INFORMATION_FORMAT = dwarf;
				ENABLE_STRICT_OBJC_MSGSEND = YES;
				ENABLE_TESTABILITY = YES;
				GCC_C_LANGUAGE_STANDARD = gnu11;
				GCC_DYNAMIC_NO_PIC = NO;
				GCC_NO_COMMON_BLOCKS = YES;
				GCC_OPTIMIZATION_LEVEL = 0;
				GCC_PREPROCESSOR_DEFINITIONS = (
					"DEBUG=1",
					"$(inherited)",
				);
				GCC_WARN_64_TO_32_BIT_CONVERSION = YES;
				GCC_WARN_ABOUT_RETURN_TYPE = YES_ERROR;
				GCC_WARN_UNDECLARED_SELECTOR = YES;
				GCC_WARN_UNINITIALIZED_AUTOS = YES_AGGRESSIVE;
				GCC_WARN_UNUSED_FUNCTION = YES;
				GCC_WARN_UNUSED_VARIABLE = YES;
				IPHONEOS_DEPLOYMENT_TARGET = 16.2;
				MTL_ENABLE_DEBUG_INFO = INCLUDE_SOURCE;
				MTL_FAST_MATH = YES;
				ONLY_ACTIVE_ARCH = YES;
				SDKROOT = iphoneos;
				SWIFT_ACTIVE_COMPILATION_CONDITIONS = DEBUG;
				SWIFT_OPTIMIZATION_LEVEL = "-Onone";
			};
			name = Debug;
		};
		1F0ECCF82A2DFD4900034383 /* Release */ = {
			isa = XCBuildConfiguration;
			buildSettings = {
				ALWAYS_SEARCH_USER_PATHS = NO;
				CLANG_ANALYZER_NONNULL = YES;
				CLANG_ANALYZER_NUMBER_OBJECT_CONVERSION = YES_AGGRESSIVE;
				CLANG_CXX_LANGUAGE_STANDARD = "gnu++20";
				CLANG_ENABLE_MODULES = YES;
				CLANG_ENABLE_OBJC_ARC = YES;
				CLANG_ENABLE_OBJC_WEAK = YES;
				CLANG_WARN_BLOCK_CAPTURE_AUTORELEASING = YES;
				CLANG_WARN_BOOL_CONVERSION = YES;
				CLANG_WARN_COMMA = YES;
				CLANG_WARN_CONSTANT_CONVERSION = YES;
				CLANG_WARN_DEPRECATED_OBJC_IMPLEMENTATIONS = YES;
				CLANG_WARN_DIRECT_OBJC_ISA_USAGE = YES_ERROR;
				CLANG_WARN_DOCUMENTATION_COMMENTS = YES;
				CLANG_WARN_EMPTY_BODY = YES;
				CLANG_WARN_ENUM_CONVERSION = YES;
				CLANG_WARN_INFINITE_RECURSION = YES;
				CLANG_WARN_INT_CONVERSION = YES;
				CLANG_WARN_NON_LITERAL_NULL_CONVERSION = YES;
				CLANG_WARN_OBJC_IMPLICIT_RETAIN_SELF = YES;
				CLANG_WARN_OBJC_LITERAL_CONVERSION = YES;
				CLANG_WARN_OBJC_ROOT_CLASS = YES_ERROR;
				CLANG_WARN_QUOTED_INCLUDE_IN_FRAMEWORK_HEADER = YES;
				CLANG_WARN_RANGE_LOOP_ANALYSIS = YES;
				CLANG_WARN_STRICT_PROTOTYPES = YES;
				CLANG_WARN_SUSPICIOUS_MOVE = YES;
				CLANG_WARN_UNGUARDED_AVAILABILITY = YES_AGGRESSIVE;
				CLANG_WARN_UNREACHABLE_CODE = YES;
				CLANG_WARN__DUPLICATE_METHOD_MATCH = YES;
				COPY_PHASE_STRIP = NO;
				DEBUG_INFORMATION_FORMAT = "dwarf-with-dsym";
				ENABLE_NS_ASSERTIONS = NO;
				ENABLE_STRICT_OBJC_MSGSEND = YES;
				GCC_C_LANGUAGE_STANDARD = gnu11;
				GCC_NO_COMMON_BLOCKS = YES;
				GCC_WARN_64_TO_32_BIT_CONVERSION = YES;
				GCC_WARN_ABOUT_RETURN_TYPE = YES_ERROR;
				GCC_WARN_UNDECLARED_SELECTOR = YES;
				GCC_WARN_UNINITIALIZED_AUTOS = YES_AGGRESSIVE;
				GCC_WARN_UNUSED_FUNCTION = YES;
				GCC_WARN_UNUSED_VARIABLE = YES;
				IPHONEOS_DEPLOYMENT_TARGET = 16.2;
				MTL_ENABLE_DEBUG_INFO = NO;
				MTL_FAST_MATH = YES;
				SDKROOT = iphoneos;
				SWIFT_COMPILATION_MODE = wholemodule;
				SWIFT_OPTIMIZATION_LEVEL = "-O";
				VALIDATE_PRODUCT = YES;
			};
			name = Release;
		};
		1F0ECCFA2A2DFD4900034383 /* Debug */ = {
			isa = XCBuildConfiguration;
			buildSettings = {
				ASSETCATALOG_COMPILER_APPICON_NAME = AppIcon;
				ASSETCATALOG_COMPILER_GLOBAL_ACCENT_COLOR_NAME = AccentColor;
				CODE_SIGN_STYLE = Automatic;
				CURRENT_PROJECT_VERSION = 1;
				DEVELOPMENT_TEAM = R94BP8S4YC;
				GENERATE_INFOPLIST_FILE = YES;
				INFOPLIST_FILE = Side_Menu_Pod/Info.plist;
				INFOPLIST_KEY_UIApplicationSupportsIndirectInputEvents = YES;
				INFOPLIST_KEY_UILaunchStoryboardName = LaunchScreen;
				INFOPLIST_KEY_UIMainStoryboardFile = Main;
				INFOPLIST_KEY_UISupportedInterfaceOrientations_iPad = "UIInterfaceOrientationPortrait UIInterfaceOrientationPortraitUpsideDown UIInterfaceOrientationLandscapeLeft UIInterfaceOrientationLandscapeRight";
				INFOPLIST_KEY_UISupportedInterfaceOrientations_iPhone = "UIInterfaceOrientationPortrait UIInterfaceOrientationLandscapeLeft UIInterfaceOrientationLandscapeRight";
				LD_RUNPATH_SEARCH_PATHS = (
					"$(inherited)",
					"@executable_path/Frameworks",
				);
				MARKETING_VERSION = 1.0;
				PRODUCT_BUNDLE_IDENTIFIER = "com.phntech.phncareer.Side-Menu-Pod";
				PRODUCT_NAME = "$(TARGET_NAME)";
				SWIFT_EMIT_LOC_STRINGS = YES;
				SWIFT_VERSION = 5.0;
				TARGETED_DEVICE_FAMILY = "1,2";
			};
			name = Debug;
		};
		1F0ECCFB2A2DFD4900034383 /* Release */ = {
			isa = XCBuildConfiguration;
			buildSettings = {
				ASSETCATALOG_COMPILER_APPICON_NAME = AppIcon;
				ASSETCATALOG_COMPILER_GLOBAL_ACCENT_COLOR_NAME = AccentColor;
				CODE_SIGN_STYLE = Automatic;
				CURRENT_PROJECT_VERSION = 1;
				DEVELOPMENT_TEAM = R94BP8S4YC;
				GENERATE_INFOPLIST_FILE = YES;
				INFOPLIST_FILE = Side_Menu_Pod/Info.plist;
				INFOPLIST_KEY_UIApplicationSupportsIndirectInputEvents = YES;
				INFOPLIST_KEY_UILaunchStoryboardName = LaunchScreen;
				INFOPLIST_KEY_UIMainStoryboardFile = Main;
				INFOPLIST_KEY_UISupportedInterfaceOrientations_iPad = "UIInterfaceOrientationPortrait UIInterfaceOrientationPortraitUpsideDown UIInterfaceOrientationLandscapeLeft UIInterfaceOrientationLandscapeRight";
				INFOPLIST_KEY_UISupportedInterfaceOrientations_iPhone = "UIInterfaceOrientationPortrait UIInterfaceOrientationLandscapeLeft UIInterfaceOrientationLandscapeRight";
				LD_RUNPATH_SEARCH_PATHS = (
					"$(inherited)",
					"@executable_path/Frameworks",
				);
				MARKETING_VERSION = 1.0;
				PRODUCT_BUNDLE_IDENTIFIER = "com.phntech.phncareer.Side-Menu-Pod";
				PRODUCT_NAME = "$(TARGET_NAME)";
				SWIFT_EMIT_LOC_STRINGS = YES;
				SWIFT_VERSION = 5.0;
				TARGETED_DEVICE_FAMILY = "1,2";
			};
			name = Release;
		};
/* End XCBuildConfiguration section */

/* Begin XCConfigurationList section */
		1F0ECCE02A2DFD4900034383 /* Build configuration list for PBXProject "Side_Menu_Pod" */ = {
			isa = XCConfigurationList;
			buildConfigurations = (
				1F0ECCF72A2DFD4900034383 /* Debug */,
				1F0ECCF82A2DFD4900034383 /* Release */,
			);
			defaultConfigurationIsVisible = 0;
			defaultConfigurationName = Release;
		};
		1F0ECCF92A2DFD4900034383 /* Build configuration list for PBXNativeTarget "Side_Menu_Pod" */ = {
			isa = XCConfigurationList;
			buildConfigurations = (
				1F0ECCFA2A2DFD4900034383 /* Debug */,
				1F0ECCFB2A2DFD4900034383 /* Release */,
			);
			defaultConfigurationIsVisible = 0;
			defaultConfigurationName = Release;
		};
/* End XCConfigurationList section */

/* Begin XCRemoteSwiftPackageReference section */
		1F0ECCFC2A2DFE9400034383 /* XCRemoteSwiftPackageReference "SideMenu" */ = {
			isa = XCRemoteSwiftPackageReference;
			repositoryURL = "https://github.com/jonkykong/SideMenu.git";
			requirement = {
				kind = upToNextMajorVersion;
				minimumVersion = 6.0.0;
			};
		};
/* End XCRemoteSwiftPackageReference section */

/* Begin XCSwiftPackageProductDependency section */
		1F0ECCFD2A2DFE9400034383 /* SideMenu */ = {
			isa = XCSwiftPackageProductDependency;
			package = 1F0ECCFC2A2DFE9400034383 /* XCRemoteSwiftPackageReference "SideMenu" */;
			productName = SideMenu;
		};
/* End XCSwiftPackageProductDependency section */
	};
	rootObject = 1F0ECCDD2A2DFD4900034383 /* Project object */;
}
